
Microsoft Visual Studio Solution File, Format Version 12.00
# Visual Studio Version 17
VisualStudioVersion = 17.5.33530.505
MinimumVisualStudioVersion = 10.0.40219.1
Project("{FAE04EC0-301F-11D3-BF4B-00C04F79EFBC}") = "KDev", "KDev\KDev.csproj", "{4E3D49B6-9DD9-4A24-961E-5FA6F41769DA}"
EndProject
Global
	GlobalSection(SolutionConfigurationPlatforms) = preSolution
		Debug|Any CPU = Debug|Any CPU
		Release|Any CPU = Release|Any CPU
	EndGlobalSection
	GlobalSection(ProjectConfigurationPlatforms) = postSolution
		{4E3D49B6-9DD9-4A24-961E-5FA6F41769DA}.Debug|Any CPU.ActiveCfg = Debug|Any CPU
		{4E3D49B6-9DD9-4A24-961E-5FA6F41769DA}.Debug|Any CPU.Build.0 = Debug|Any CPU
		{4E3D49B6-9DD9-4A24-961E-5FA6F41769DA}.Release|Any CPU.ActiveCfg = Release|Any CPU
		{4E3D49B6-9DD9-4A24-961E-5FA6F41769DA}.Release|Any CPU.Build.0 = Release|Any CPU
	EndGlobalSection
	GlobalSection(SolutionProperties) = preSolution
		HideSolutionNode = FALSE
	EndGlobalSection
	GlobalSection(ExtensibilityGlobals) = postSolution
		SolutionGuid = {ECA72D1A-9067-45C7-81FB-5AC6A8E014A9}
	EndGlobalSection
EndGlobal
